// !$*UTF8*$!
{
	archiveVersion = 1;
	classes = {
	};
	objectVersion = 46;
	objects = {

/* Begin PBXBuildFile section */
		31732A0A1AE3276C00FAF369 /* PlayerSelectSquare.swift in Sources */ = {isa = PBXBuildFile; fileRef = 31732A091AE3276C00FAF369 /* PlayerSelectSquare.swift */; };
		31732A0C1AE3380C00FAF369 /* UIColorExtension.swift in Sources */ = {isa = PBXBuildFile; fileRef = 31732A0B1AE3380C00FAF369 /* UIColorExtension.swift */; };
		3197E3D01A87D8DB00F846A7 /* AppDelegate.swift in Sources */ = {isa = PBXBuildFile; fileRef = 3197E3CF1A87D8DB00F846A7 /* AppDelegate.swift */; };
		3197E3D71A87D8DB00F846A7 /* Images.xcassets in Resources */ = {isa = PBXBuildFile; fileRef = 3197E3D61A87D8DB00F846A7 /* Images.xcassets */; };
		3197E3DA1A87D8DB00F846A7 /* LaunchScreen.xib in Resources */ = {isa = PBXBuildFile; fileRef = 3197E3D81A87D8DB00F846A7 /* LaunchScreen.xib */; };
		3197E3E61A87D8DB00F846A7 /* jumpshot_2Tests.swift in Sources */ = {isa = PBXBuildFile; fileRef = 3197E3E51A87D8DB00F846A7 /* jumpshot_2Tests.swift */; };
		3197E3F01A87D94B00F846A7 /* PlayersViewController.swift in Sources */ = {isa = PBXBuildFile; fileRef = 3197E3EF1A87D94B00F846A7 /* PlayersViewController.swift */; };
		3197E3F21A87D9A400F846A7 /* GamesViewController.swift in Sources */ = {isa = PBXBuildFile; fileRef = 3197E3F11A87D9A400F846A7 /* GamesViewController.swift */; };
		3197E3F41A87DBD100F846A7 /* Player.swift in Sources */ = {isa = PBXBuildFile; fileRef = 3197E3F31A87DBD100F846A7 /* Player.swift */; };
		31ABBE721A89C05F005A35B3 /* Game.swift in Sources */ = {isa = PBXBuildFile; fileRef = 31ABBE711A89C05F005A35B3 /* Game.swift */; };
		31ABBE741A89C082005A35B3 /* Statline.swift in Sources */ = {isa = PBXBuildFile; fileRef = 31ABBE731A89C082005A35B3 /* Statline.swift */; };
		31ABBE761A8A5E05005A35B3 /* PlayerTableViewCell.swift in Sources */ = {isa = PBXBuildFile; fileRef = 31ABBE751A8A5E05005A35B3 /* PlayerTableViewCell.swift */; };
		31ABBE781A8B0202005A35B3 /* NewGameViewController.swift in Sources */ = {isa = PBXBuildFile; fileRef = 31ABBE771A8B0202005A35B3 /* NewGameViewController.swift */; };
		31ABBE7A1A8D08FC005A35B3 /* Factory.swift in Sources */ = {isa = PBXBuildFile; fileRef = 31ABBE791A8D08FC005A35B3 /* Factory.swift */; };
		31C0485E1ABDBB3A001BA4D2 /* PageViewController.swift in Sources */ = {isa = PBXBuildFile; fileRef = 31C0485D1ABDBB3A001BA4D2 /* PageViewController.swift */; };
		31CBF6381A9A6BBF0086C4C9 /* PlayerProfileViewController.swift in Sources */ = {isa = PBXBuildFile; fileRef = 31CBF6371A9A6BBF0086C4C9 /* PlayerProfileViewController.swift */; };
		31CBF63A1AA2237D0086C4C9 /* GamePadViewController.swift in Sources */ = {isa = PBXBuildFile; fileRef = 31CBF6391AA2237D0086C4C9 /* GamePadViewController.swift */; };
		31CBF63C1AA4BC140086C4C9 /* FrostedSidebar.swift in Sources */ = {isa = PBXBuildFile; fileRef = 31CBF63B1AA4BC140086C4C9 /* FrostedSidebar.swift */; };
		31EA476F1A97E786000C4D89 /* RLMSupport.swift in Sources */ = {isa = PBXBuildFile; fileRef = 31EA476E1A97E786000C4D89 /* RLMSupport.swift */; };
		31EA47711A97E791000C4D89 /* Realm.framework in Frameworks */ = {isa = PBXBuildFile; fileRef = 31EA47701A97E791000C4D89 /* Realm.framework */; };
		31EA47731A97E7EC000C4D89 /* libc++.1.dylib in Frameworks */ = {isa = PBXBuildFile; fileRef = 31EA47721A97E7EC000C4D89 /* libc++.1.dylib */; };
		31EA47771A97F552000C4D89 /* AF+Date+Extension.swift in Sources */ = {isa = PBXBuildFile; fileRef = 31EA47761A97F552000C4D89 /* AF+Date+Extension.swift */; };
		31EA477D1A993A86000C4D89 /* Podfile in Resources */ = {isa = PBXBuildFile; fileRef = 31EA477C1A993A86000C4D89 /* Podfile */; };
		31EA477F1A994DFB000C4D89 /* GameTableViewCell.swift in Sources */ = {isa = PBXBuildFile; fileRef = 31EA477E1A994DFB000C4D89 /* GameTableViewCell.swift */; };
/* End PBXBuildFile section */

/* Begin PBXContainerItemProxy section */
		3197E3E01A87D8DB00F846A7 /* PBXContainerItemProxy */ = {
			isa = PBXContainerItemProxy;
			containerPortal = 3197E3C21A87D8DB00F846A7 /* Project object */;
			proxyType = 1;
			remoteGlobalIDString = 3197E3C91A87D8DB00F846A7;
			remoteInfo = "jumpshot-2";
		};
/* End PBXContainerItemProxy section */

/* Begin PBXFileReference section */
		31732A091AE3276C00FAF369 /* PlayerSelectSquare.swift */ = {isa = PBXFileReference; fileEncoding = 4; lastKnownFileType = sourcecode.swift; path = PlayerSelectSquare.swift; sourceTree = "<group>"; };
		31732A0B1AE3380C00FAF369 /* UIColorExtension.swift */ = {isa = PBXFileReference; fileEncoding = 4; lastKnownFileType = sourcecode.swift; path = UIColorExtension.swift; sourceTree = "<group>"; };
		3197E3CA1A87D8DB00F846A7 /* jumpshot-2.app */ = {isa = PBXFileReference; explicitFileType = wrapper.application; includeInIndex = 0; path = "jumpshot-2.app"; sourceTree = BUILT_PRODUCTS_DIR; };
		3197E3CE1A87D8DB00F846A7 /* Info.plist */ = {isa = PBXFileReference; lastKnownFileType = text.plist.xml; path = Info.plist; sourceTree = "<group>"; };
		3197E3CF1A87D8DB00F846A7 /* AppDelegate.swift */ = {isa = PBXFileReference; lastKnownFileType = sourcecode.swift; path = AppDelegate.swift; sourceTree = "<group>"; };
		3197E3D61A87D8DB00F846A7 /* Images.xcassets */ = {isa = PBXFileReference; lastKnownFileType = folder.assetcatalog; path = Images.xcassets; sourceTree = "<group>"; };
		3197E3D91A87D8DB00F846A7 /* Base */ = {isa = PBXFileReference; lastKnownFileType = file.xib; name = Base; path = Base.lproj/LaunchScreen.xib; sourceTree = "<group>"; };
		3197E3DF1A87D8DB00F846A7 /* jumpshot-2Tests.xctest */ = {isa = PBXFileReference; explicitFileType = wrapper.cfbundle; includeInIndex = 0; path = "jumpshot-2Tests.xctest"; sourceTree = BUILT_PRODUCTS_DIR; };
		3197E3E41A87D8DB00F846A7 /* Info.plist */ = {isa = PBXFileReference; lastKnownFileType = text.plist.xml; path = Info.plist; sourceTree = "<group>"; };
		3197E3E51A87D8DB00F846A7 /* jumpshot_2Tests.swift */ = {isa = PBXFileReference; lastKnownFileType = sourcecode.swift; path = jumpshot_2Tests.swift; sourceTree = "<group>"; };
		3197E3EF1A87D94B00F846A7 /* PlayersViewController.swift */ = {isa = PBXFileReference; fileEncoding = 4; lastKnownFileType = sourcecode.swift; path = PlayersViewController.swift; sourceTree = "<group>"; };
		3197E3F11A87D9A400F846A7 /* GamesViewController.swift */ = {isa = PBXFileReference; fileEncoding = 4; lastKnownFileType = sourcecode.swift; path = GamesViewController.swift; sourceTree = "<group>"; };
		3197E3F31A87DBD100F846A7 /* Player.swift */ = {isa = PBXFileReference; fileEncoding = 4; lastKnownFileType = sourcecode.swift; path = Player.swift; sourceTree = "<group>"; };
		31ABBE711A89C05F005A35B3 /* Game.swift */ = {isa = PBXFileReference; fileEncoding = 4; lastKnownFileType = sourcecode.swift; path = Game.swift; sourceTree = "<group>"; };
		31ABBE731A89C082005A35B3 /* Statline.swift */ = {isa = PBXFileReference; fileEncoding = 4; lastKnownFileType = sourcecode.swift; path = Statline.swift; sourceTree = "<group>"; };
		31ABBE751A8A5E05005A35B3 /* PlayerTableViewCell.swift */ = {isa = PBXFileReference; fileEncoding = 4; lastKnownFileType = sourcecode.swift; path = PlayerTableViewCell.swift; sourceTree = "<group>"; };
		31ABBE771A8B0202005A35B3 /* NewGameViewController.swift */ = {isa = PBXFileReference; fileEncoding = 4; lastKnownFileType = sourcecode.swift; path = NewGameViewController.swift; sourceTree = "<group>"; };
		31ABBE791A8D08FC005A35B3 /* Factory.swift */ = {isa = PBXFileReference; fileEncoding = 4; lastKnownFileType = sourcecode.swift; path = Factory.swift; sourceTree = "<group>"; };
		31C0485D1ABDBB3A001BA4D2 /* PageViewController.swift */ = {isa = PBXFileReference; fileEncoding = 4; lastKnownFileType = sourcecode.swift; path = PageViewController.swift; sourceTree = "<group>"; };
		31CBF6371A9A6BBF0086C4C9 /* PlayerProfileViewController.swift */ = {isa = PBXFileReference; fileEncoding = 4; lastKnownFileType = sourcecode.swift; path = PlayerProfileViewController.swift; sourceTree = "<group>"; };
		31CBF6391AA2237D0086C4C9 /* GamePadViewController.swift */ = {isa = PBXFileReference; fileEncoding = 4; lastKnownFileType = sourcecode.swift; path = GamePadViewController.swift; sourceTree = "<group>"; };
		31CBF63B1AA4BC140086C4C9 /* FrostedSidebar.swift */ = {isa = PBXFileReference; fileEncoding = 4; lastKnownFileType = sourcecode.swift; path = FrostedSidebar.swift; sourceTree = "<group>"; };
		31EA476E1A97E786000C4D89 /* RLMSupport.swift */ = {isa = PBXFileReference; fileEncoding = 4; lastKnownFileType = sourcecode.swift; path = RLMSupport.swift; sourceTree = "<group>"; };
		31EA47701A97E791000C4D89 /* Realm.framework */ = {isa = PBXFileReference; lastKnownFileType = wrapper.framework; path = Realm.framework; sourceTree = "<group>"; };
		31EA47721A97E7EC000C4D89 /* libc++.1.dylib */ = {isa = PBXFileReference; lastKnownFileType = "compiled.mach-o.dylib"; name = "libc++.1.dylib"; path = "usr/lib/libc++.1.dylib"; sourceTree = SDKROOT; };
		31EA47761A97F552000C4D89 /* AF+Date+Extension.swift */ = {isa = PBXFileReference; fileEncoding = 4; lastKnownFileType = sourcecode.swift; path = "AF+Date+Extension.swift"; sourceTree = "<group>"; };
		31EA477C1A993A86000C4D89 /* Podfile */ = {isa = PBXFileReference; fileEncoding = 4; lastKnownFileType = text; path = Podfile; sourceTree = "<group>"; };
		31EA477E1A994DFB000C4D89 /* GameTableViewCell.swift */ = {isa = PBXFileReference; fileEncoding = 4; lastKnownFileType = sourcecode.swift; path = GameTableViewCell.swift; sourceTree = "<group>"; };
/* End PBXFileReference section */

/* Begin PBXFrameworksBuildPhase section */
		3197E3C71A87D8DB00F846A7 /* Frameworks */ = {
			isa = PBXFrameworksBuildPhase;
			buildActionMask = 2147483647;
			files = (
				31EA47731A97E7EC000C4D89 /* libc++.1.dylib in Frameworks */,
				31EA47711A97E791000C4D89 /* Realm.framework in Frameworks */,
			);
			runOnlyForDeploymentPostprocessing = 0;
		};
		3197E3DC1A87D8DB00F846A7 /* Frameworks */ = {
			isa = PBXFrameworksBuildPhase;
			buildActionMask = 2147483647;
			files = (
			);
			runOnlyForDeploymentPostprocessing = 0;
		};
/* End PBXFrameworksBuildPhase section */

/* Begin PBXGroup section */
		3102D67E1AED9B5900A7D53E /* Data Models */ = {
			isa = PBXGroup;
			children = (
				31ABBE711A89C05F005A35B3 /* Game.swift */,
				3197E3F31A87DBD100F846A7 /* Player.swift */,
				31ABBE731A89C082005A35B3 /* Statline.swift */,
				31ABBE791A8D08FC005A35B3 /* Factory.swift */,
			);
			name = "Data Models";
			sourceTree = "<group>";
		};
		3102D67F1AED9B7B00A7D53E /* CodeSupplements */ = {
			isa = PBXGroup;
			children = (
				31CBF63B1AA4BC140086C4C9 /* FrostedSidebar.swift */,
				31EA47761A97F552000C4D89 /* AF+Date+Extension.swift */,
				31732A0B1AE3380C00FAF369 /* UIColorExtension.swift */,
			);
			name = CodeSupplements;
			sourceTree = "<group>";
		};
		3102D6801AED9C1400A7D53E /* Custom TableViewCells */ = {
			isa = PBXGroup;
			children = (
				31ABBE751A8A5E05005A35B3 /* PlayerTableViewCell.swift */,
				31EA477E1A994DFB000C4D89 /* GameTableViewCell.swift */,
			);
			name = "Custom TableViewCells";
			sourceTree = "<group>";
		};
		3197E3C11A87D8DB00F846A7 = {
			isa = PBXGroup;
			children = (
				31EA477C1A993A86000C4D89 /* Podfile */,
				31EA47721A97E7EC000C4D89 /* libc++.1.dylib */,
				31EA47701A97E791000C4D89 /* Realm.framework */,
				31EA476E1A97E786000C4D89 /* RLMSupport.swift */,
				3197E3CC1A87D8DB00F846A7 /* jumpshot-2 */,
				3197E3E21A87D8DB00F846A7 /* jumpshot-2Tests */,
				3197E3CB1A87D8DB00F846A7 /* Products */,
			);
			sourceTree = "<group>";
		};
		3197E3CB1A87D8DB00F846A7 /* Products */ = {
			isa = PBXGroup;
			children = (
				3197E3CA1A87D8DB00F846A7 /* jumpshot-2.app */,
				3197E3DF1A87D8DB00F846A7 /* jumpshot-2Tests.xctest */,
			);
			name = Products;
			sourceTree = "<group>";
		};
		3197E3CC1A87D8DB00F846A7 /* jumpshot-2 */ = {
			isa = PBXGroup;
			children = (
				3102D67F1AED9B7B00A7D53E /* CodeSupplements */,
				3102D67E1AED9B5900A7D53E /* Data Models */,
				3102D6801AED9C1400A7D53E /* Custom TableViewCells */,
				3197E3CF1A87D8DB00F846A7 /* AppDelegate.swift */,
				31C0485D1ABDBB3A001BA4D2 /* PageViewController.swift */,
				3197E3F11A87D9A400F846A7 /* GamesViewController.swift */,
				3197E3EF1A87D94B00F846A7 /* PlayersViewController.swift */,
				31CBF6371A9A6BBF0086C4C9 /* PlayerProfileViewController.swift */,
				31732A091AE3276C00FAF369 /* PlayerSelectSquare.swift */,
				31ABBE771A8B0202005A35B3 /* NewGameViewController.swift */,
				31CBF6391AA2237D0086C4C9 /* GamePadViewController.swift */,
				3197E3D61A87D8DB00F846A7 /* Images.xcassets */,
				3197E3D81A87D8DB00F846A7 /* LaunchScreen.xib */,
				3197E3CD1A87D8DB00F846A7 /* Supporting Files */,
			);
			path = "jumpshot-2";
			sourceTree = "<group>";
		};
		3197E3CD1A87D8DB00F846A7 /* Supporting Files */ = {
			isa = PBXGroup;
			children = (
				3197E3CE1A87D8DB00F846A7 /* Info.plist */,
			);
			name = "Supporting Files";
			sourceTree = "<group>";
		};
		3197E3E21A87D8DB00F846A7 /* jumpshot-2Tests */ = {
			isa = PBXGroup;
			children = (
				3197E3E51A87D8DB00F846A7 /* jumpshot_2Tests.swift */,
				3197E3E31A87D8DB00F846A7 /* Supporting Files */,
			);
			path = "jumpshot-2Tests";
			sourceTree = "<group>";
		};
		3197E3E31A87D8DB00F846A7 /* Supporting Files */ = {
			isa = PBXGroup;
			children = (
				3197E3E41A87D8DB00F846A7 /* Info.plist */,
			);
			name = "Supporting Files";
			sourceTree = "<group>";
		};
/* End PBXGroup section */

/* Begin PBXNativeTarget section */
		3197E3C91A87D8DB00F846A7 /* jumpshot-2 */ = {
			isa = PBXNativeTarget;
			buildConfigurationList = 3197E3E91A87D8DB00F846A7 /* Build configuration list for PBXNativeTarget "jumpshot-2" */;
			buildPhases = (
				3197E3C61A87D8DB00F846A7 /* Sources */,
				3197E3C71A87D8DB00F846A7 /* Frameworks */,
				3197E3C81A87D8DB00F846A7 /* Resources */,
			);
			buildRules = (
			);
			dependencies = (
			);
			name = "jumpshot-2";
			productName = "jumpshot-2";
			productReference = 3197E3CA1A87D8DB00F846A7 /* jumpshot-2.app */;
			productType = "com.apple.product-type.application";
		};
		3197E3DE1A87D8DB00F846A7 /* jumpshot-2Tests */ = {
			isa = PBXNativeTarget;
			buildConfigurationList = 3197E3EC1A87D8DB00F846A7 /* Build configuration list for PBXNativeTarget "jumpshot-2Tests" */;
			buildPhases = (
				3197E3DB1A87D8DB00F846A7 /* Sources */,
				3197E3DC1A87D8DB00F846A7 /* Frameworks */,
				3197E3DD1A87D8DB00F846A7 /* Resources */,
			);
			buildRules = (
			);
			dependencies = (
				3197E3E11A87D8DB00F846A7 /* PBXTargetDependency */,
			);
			name = "jumpshot-2Tests";
			productName = "jumpshot-2Tests";
			productReference = 3197E3DF1A87D8DB00F846A7 /* jumpshot-2Tests.xctest */;
			productType = "com.apple.product-type.bundle.unit-test";
		};
/* End PBXNativeTarget section */

/* Begin PBXProject section */
		3197E3C21A87D8DB00F846A7 /* Project object */ = {
			isa = PBXProject;
			attributes = {
				LastUpgradeCheck = 0610;
				ORGANIZATIONNAME = "Jonathan Yu";
				TargetAttributes = {
					3197E3C91A87D8DB00F846A7 = {
						CreatedOnToolsVersion = 6.1.1;
					};
					3197E3DE1A87D8DB00F846A7 = {
						CreatedOnToolsVersion = 6.1.1;
						TestTargetID = 3197E3C91A87D8DB00F846A7;
					};
				};
			};
			buildConfigurationList = 3197E3C51A87D8DB00F846A7 /* Build configuration list for PBXProject "jumpshot-2" */;
			compatibilityVersion = "Xcode 3.2";
			developmentRegion = English;
			hasScannedForEncodings = 0;
			knownRegions = (
				en,
				Base,
			);
			mainGroup = 3197E3C11A87D8DB00F846A7;
			productRefGroup = 3197E3CB1A87D8DB00F846A7 /* Products */;
			projectDirPath = "";
			projectRoot = "";
			targets = (
				3197E3C91A87D8DB00F846A7 /* jumpshot-2 */,
				3197E3DE1A87D8DB00F846A7 /* jumpshot-2Tests */,
			);
		};
/* End PBXProject section */

/* Begin PBXResourcesBuildPhase section */
		3197E3C81A87D8DB00F846A7 /* Resources */ = {
			isa = PBXResourcesBuildPhase;
			buildActionMask = 2147483647;
			files = (
				31EA477D1A993A86000C4D89 /* Podfile in Resources */,
				3197E3DA1A87D8DB00F846A7 /* LaunchScreen.xib in Resources */,
				3197E3D71A87D8DB00F846A7 /* Images.xcassets in Resources */,
			);
			runOnlyForDeploymentPostprocessing = 0;
		};
		3197E3DD1A87D8DB00F846A7 /* Resources */ = {
			isa = PBXResourcesBuildPhase;
			buildActionMask = 2147483647;
			files = (
			);
			runOnlyForDeploymentPostprocessing = 0;
		};
/* End PBXResourcesBuildPhase section */

/* Begin PBXSourcesBuildPhase section */
		3197E3C61A87D8DB00F846A7 /* Sources */ = {
			isa = PBXSourcesBuildPhase;
			buildActionMask = 2147483647;
			files = (
				3197E3F41A87DBD100F846A7 /* Player.swift in Sources */,
				31ABBE741A89C082005A35B3 /* Statline.swift in Sources */,
				31ABBE781A8B0202005A35B3 /* NewGameViewController.swift in Sources */,
				31CBF63C1AA4BC140086C4C9 /* FrostedSidebar.swift in Sources */,
				31EA47771A97F552000C4D89 /* AF+Date+Extension.swift in Sources */,
				31732A0C1AE3380C00FAF369 /* UIColorExtension.swift in Sources */,
				31ABBE721A89C05F005A35B3 /* Game.swift in Sources */,
				31ABBE7A1A8D08FC005A35B3 /* Factory.swift in Sources */,
				31CBF63A1AA2237D0086C4C9 /* GamePadViewController.swift in Sources */,
				3197E3D01A87D8DB00F846A7 /* AppDelegate.swift in Sources */,
				31ABBE761A8A5E05005A35B3 /* PlayerTableViewCell.swift in Sources */,
				31CBF6381A9A6BBF0086C4C9 /* PlayerProfileViewController.swift in Sources */,
				31732A0A1AE3276C00FAF369 /* PlayerSelectSquare.swift in Sources */,
				31EA476F1A97E786000C4D89 /* RLMSupport.swift in Sources */,
				3197E3F21A87D9A400F846A7 /* GamesViewController.swift in Sources */,
				3197E3F01A87D94B00F846A7 /* PlayersViewController.swift in Sources */,
				31EA477F1A994DFB000C4D89 /* GameTableViewCell.swift in Sources */,
				31C0485E1ABDBB3A001BA4D2 /* PageViewController.swift in Sources */,
			);
			runOnlyForDeploymentPostprocessing = 0;
		};
		3197E3DB1A87D8DB00F846A7 /* Sources */ = {
			isa = PBXSourcesBuildPhase;
			buildActionMask = 2147483647;
			files = (
				3197E3E61A87D8DB00F846A7 /* jumpshot_2Tests.swift in Sources */,
			);
			runOnlyForDeploymentPostprocessing = 0;
		};
/* End PBXSourcesBuildPhase section */

/* Begin PBXTargetDependency section */
		3197E3E11A87D8DB00F846A7 /* PBXTargetDependency */ = {
			isa = PBXTargetDependency;
			target = 3197E3C91A87D8DB00F846A7 /* jumpshot-2 */;
			targetProxy = 3197E3E01A87D8DB00F846A7 /* PBXContainerItemProxy */;
		};
/* End PBXTargetDependency section */

/* Begin PBXVariantGroup section */
		3197E3D81A87D8DB00F846A7 /* LaunchScreen.xib */ = {
			isa = PBXVariantGroup;
			children = (
				3197E3D91A87D8DB00F846A7 /* Base */,
			);
			name = LaunchScreen.xib;
			sourceTree = "<group>";
		};
/* End PBXVariantGroup section */

/* Begin XCBuildConfiguration section */
		3197E3E71A87D8DB00F846A7 /* Debug */ = {
			isa = XCBuildConfiguration;
			buildSettings = {
				ALWAYS_SEARCH_USER_PATHS = NO;
				CLANG_CXX_LANGUAGE_STANDARD = "gnu++0x";
				CLANG_CXX_LIBRARY = "libc++";
				CLANG_ENABLE_MODULES = YES;
				CLANG_ENABLE_OBJC_ARC = YES;
				CLANG_WARN_BOOL_CONVERSION = YES;
				CLANG_WARN_CONSTANT_CONVERSION = YES;
				CLANG_WARN_DIRECT_OBJC_ISA_USAGE = YES_ERROR;
				CLANG_WARN_EMPTY_BODY = YES;
				CLANG_WARN_ENUM_CONVERSION = YES;
				CLANG_WARN_INT_CONVERSION = YES;
				CLANG_WARN_OBJC_ROOT_CLASS = YES_ERROR;
				CLANG_WARN_UNREACHABLE_CODE = YES;
				CLANG_WARN__DUPLICATE_METHOD_MATCH = YES;
				"CODE_SIGN_IDENTITY[sdk=iphoneos*]" = "iPhone Developer";
				COPY_PHASE_STRIP = NO;
				ENABLE_STRICT_OBJC_MSGSEND = YES;
				GCC_C_LANGUAGE_STANDARD = gnu99;
				GCC_DYNAMIC_NO_PIC = NO;
				GCC_OPTIMIZATION_LEVEL = 0;
				GCC_PREPROCESSOR_DEFINITIONS = (
					"DEBUG=1",
					"$(inherited)",
				);
				GCC_SYMBOLS_PRIVATE_EXTERN = NO;
				GCC_WARN_64_TO_32_BIT_CONVERSION = YES;
				GCC_WARN_ABOUT_RETURN_TYPE = YES_ERROR;
				GCC_WARN_UNDECLARED_SELECTOR = YES;
				GCC_WARN_UNINITIALIZED_AUTOS = YES_AGGRESSIVE;
				GCC_WARN_UNUSED_FUNCTION = YES;
				GCC_WARN_UNUSED_VARIABLE = YES;
				IPHONEOS_DEPLOYMENT_TARGET = 8.1;
				MTL_ENABLE_DEBUG_INFO = YES;
				ONLY_ACTIVE_ARCH = YES;
				SDKROOT = iphoneos;
				SWIFT_OPTIMIZATION_LEVEL = "-Onone";
			};
			name = Debug;
		};
		3197E3E81A87D8DB00F846A7 /* Release */ = {
			isa = XCBuildConfiguration;
			buildSettings = {
				ALWAYS_SEARCH_USER_PATHS = NO;
				CLANG_CXX_LANGUAGE_STANDARD = "gnu++0x";
				CLANG_CXX_LIBRARY = "libc++";
				CLANG_ENABLE_MODULES = YES;
				CLANG_ENABLE_OBJC_ARC = YES;
				CLANG_WARN_BOOL_CONVERSION = YES;
				CLANG_WARN_CONSTANT_CONVERSION = YES;
				CLANG_WARN_DIRECT_OBJC_ISA_USAGE = YES_ERROR;
				CLANG_WARN_EMPTY_BODY = YES;
				CLANG_WARN_ENUM_CONVERSION = YES;
				CLANG_WARN_INT_CONVERSION = YES;
				CLANG_WARN_OBJC_ROOT_CLASS = YES_ERROR;
				CLANG_WARN_UNREACHABLE_CODE = YES;
				CLANG_WARN__DUPLICATE_METHOD_MATCH = YES;
				"CODE_SIGN_IDENTITY[sdk=iphoneos*]" = "iPhone Developer";
				COPY_PHASE_STRIP = YES;
				ENABLE_NS_ASSERTIONS = NO;
				ENABLE_STRICT_OBJC_MSGSEND = YES;
				GCC_C_LANGUAGE_STANDARD = gnu99;
				GCC_WARN_64_TO_32_BIT_CONVERSION = YES;
				GCC_WARN_ABOUT_RETURN_TYPE = YES_ERROR;
				GCC_WARN_UNDECLARED_SELECTOR = YES;
				GCC_WARN_UNINITIALIZED_AUTOS = YES_AGGRESSIVE;
				GCC_WARN_UNUSED_FUNCTION = YES;
				GCC_WARN_UNUSED_VARIABLE = YES;
				IPHONEOS_DEPLOYMENT_TARGET = 8.1;
				MTL_ENABLE_DEBUG_INFO = NO;
				SDKROOT = iphoneos;
				VALIDATE_PRODUCT = YES;
			};
			name = Release;
		};
		3197E3EA1A87D8DB00F846A7 /* Debug */ = {
			isa = XCBuildConfiguration;
			buildSettings = {
				ASSETCATALOG_COMPILER_APPICON_NAME = AppIcon;
				FRAMEWORK_SEARCH_PATHS = (
					"$(inherited)",
					"$(PROJECT_DIR)",
				);
				INFOPLIST_FILE = "jumpshot-2/Info.plist";
				LD_RUNPATH_SEARCH_PATHS = "$(inherited) @executable_path/Frameworks";
				PRODUCT_NAME = "$(TARGET_NAME)";
			};
			name = Debug;
		};
		3197E3EB1A87D8DB00F846A7 /* Release */ = {
			isa = XCBuildConfiguration;
			buildSettings = {
				ASSETCATALOG_COMPILER_APPICON_NAME = AppIcon;
				FRAMEWORK_SEARCH_PATHS = (
					"$(inherited)",
					"$(PROJECT_DIR)",
				);
				INFOPLIST_FILE = "jumpshot-2/Info.plist";
				LD_RUNPATH_SEARCH_PATHS = "$(inherited) @executable_path/Frameworks";
				PRODUCT_NAME = "$(TARGET_NAME)";
			};
			name = Release;
		};
		3197E3ED1A87D8DB00F846A7 /* Debug */ = {
			isa = XCBuildConfiguration;
			buildSettings = {
				BUNDLE_LOADER = "$(TEST_HOST)";
				FRAMEWORK_SEARCH_PATHS = (
					"$(SDKROOT)/Developer/Library/Frameworks",
					"$(inherited)",
				);
				GCC_PREPROCESSOR_DEFINITIONS = (
					"DEBUG=1",
					"$(inherited)",
				);
				INFOPLIST_FILE = "jumpshot-2Tests/Info.plist";
				LD_RUNPATH_SEARCH_PATHS = "$(inherited) @executable_path/Frameworks @loader_path/Frameworks";
				PRODUCT_NAME = "$(TARGET_NAME)";
				TEST_HOST = "$(BUILT_PRODUCTS_DIR)/jumpshot-2.app/jumpshot-2";
			};
			name = Debug;
		};
		3197E3EE1A87D8DB00F846A7 /* Release */ = {
			isa = XCBuildConfiguration;
			buildSettings = {
				BUNDLE_LOADER = "$(TEST_HOST)";
				FRAMEWORK_SEARCH_PATHS = (
					"$(SDKROOT)/Developer/Library/Frameworks",
					"$(inherited)",
				);
				INFOPLIST_FILE = "jumpshot-2Tests/Info.plist";
				LD_RUNPATH_SEARCH_PATHS = "$(inherited) @executable_path/Frameworks @loader_path/Frameworks";
				PRODUCT_NAME = "$(TARGET_NAME)";
				TEST_HOST = "$(BUILT_PRODUCTS_DIR)/jumpshot-2.app/jumpshot-2";
			};
			name = Release;
		};
/* End XCBuildConfiguration section */

/* Begin XCConfigurationList section */
		3197E3C51A87D8DB00F846A7 /* Build configuration list for PBXProject "jumpshot-2" */ = {
			isa = XCConfigurationList;
			buildConfigurations = (
				3197E3E71A87D8DB00F846A7 /* Debug */,
				3197E3E81A87D8DB00F846A7 /* Release */,
			);
			defaultConfigurationIsVisible = 0;
			defaultConfigurationName = Release;
		};
		3197E3E91A87D8DB00F846A7 /* Build configuration list for PBXNativeTarget "jumpshot-2" */ = {
			isa = XCConfigurationList;
			buildConfigurations = (
				3197E3EA1A87D8DB00F846A7 /* Debug */,
				3197E3EB1A87D8DB00F846A7 /* Release */,
			);
			defaultConfigurationIsVisible = 0;
			defaultConfigurationName = Release;
		};
		3197E3EC1A87D8DB00F846A7 /* Build configuration list for PBXNativeTarget "jumpshot-2Tests" */ = {
			isa = XCConfigurationList;
			buildConfigurations = (
				3197E3ED1A87D8DB00F846A7 /* Debug */,
				3197E3EE1A87D8DB00F846A7 /* Release */,
			);
			defaultConfigurationIsVisible = 0;
			defaultConfigurationName = Release;
		};
/* End XCConfigurationList section */
	};
	rootObject = 3197E3C21A87D8DB00F846A7 /* Project object */;
}
